// !$*UTF8*$!
{
	archiveVersion = 1;
	classes = {
	};
	objectVersion = 50;
	objects = {

/* Begin PBXBuildFile section */
		20C155C123D4485E00E719EC /* AppDelegate.swift in Sources */ = {isa = PBXBuildFile; fileRef = 20C155C023D4485E00E719EC /* AppDelegate.swift */; };
		20C155C323D4485E00E719EC /* SceneDelegate.swift in Sources */ = {isa = PBXBuildFile; fileRef = 20C155C223D4485E00E719EC /* SceneDelegate.swift */; };
		20C155C523D4485E00E719EC /* ViewController.swift in Sources */ = {isa = PBXBuildFile; fileRef = 20C155C423D4485E00E719EC /* ViewController.swift */; };
		20C155C823D4485F00E719EC /* Main.storyboard in Resources */ = {isa = PBXBuildFile; fileRef = 20C155C623D4485F00E719EC /* Main.storyboard */; };
		20C155CA23D4486100E719EC /* Assets.xcassets in Resources */ = {isa = PBXBuildFile; fileRef = 20C155C923D4486100E719EC /* Assets.xcassets */; };
		20C155CD23D4486100E719EC /* LaunchScreen.storyboard in Resources */ = {isa = PBXBuildFile; fileRef = 20C155CB23D4486100E719EC /* LaunchScreen.storyboard */; };
/* End PBXBuildFile section */

/* Begin PBXFileReference section */
		20C155BD23D4485E00E719EC /* RiviBlogs.app */ = {isa = PBXFileReference; explicitFileType = wrapper.application; includeInIndex = 0; path = RiviBlogs.app; sourceTree = BUILT_PRODUCTS_DIR; };
		20C155C023D4485E00E719EC /* AppDelegate.swift */ = {isa = PBXFileReference; lastKnownFileType = sourcecode.swift; path = AppDelegate.swift; sourceTree = "<group>"; };
		20C155C223D4485E00E719EC /* SceneDelegate.swift */ = {isa = PBXFileReference; lastKnownFileType = sourcecode.swift; path = SceneDelegate.swift; sourceTree = "<group>"; };
		20C155C423D4485E00E719EC /* ViewController.swift */ = {isa = PBXFileReference; lastKnownFileType = sourcecode.swift; path = ViewController.swift; sourceTree = "<group>"; };
		20C155C723D4485F00E719EC /* Base */ = {isa = PBXFileReference; lastKnownFileType = file.storyboard; name = Base; path = Base.lproj/Main.storyboard; sourceTree = "<group>"; };
		20C155C923D4486100E719EC /* Assets.xcassets */ = {isa = PBXFileReference; lastKnownFileType = folder.assetcatalog; path = Assets.xcassets; sourceTree = "<group>"; };
		20C155CC23D4486100E719EC /* Base */ = {isa = PBXFileReference; lastKnownFileType = file.storyboard; name = Base; path = Base.lproj/LaunchScreen.storyboard; sourceTree = "<group>"; };
		20C155CE23D4486100E719EC /* Info.plist */ = {isa = PBXFileReference; lastKnownFileType = text.plist.xml; path = Info.plist; sourceTree = "<group>"; };
/* End PBXFileReference section */

/* Begin PBXFrameworksBuildPhase section */
		20C155BA23D4485E00E719EC /* Frameworks */ = {
			isa = PBXFrameworksBuildPhase;
			buildActionMask = 2147483647;
			files = (
			);
			runOnlyForDeploymentPostprocessing = 0;
		};
/* End PBXFrameworksBuildPhase section */

/* Begin PBXGroup section */
		20C155B423D4485E00E719EC = {
			isa = PBXGroup;
			children = (
				20C155BF23D4485E00E719EC /* RiviBlogs */,
				20C155BE23D4485E00E719EC /* Products */,
			);
			sourceTree = "<group>";
		};
		20C155BE23D4485E00E719EC /* Products */ = {
			isa = PBXGroup;
			children = (
				20C155BD23D4485E00E719EC /* RiviBlogs.app */,
			);
			name = Products;
			sourceTree = "<group>";
		};
		20C155BF23D4485E00E719EC /* RiviBlogs */ = {
			isa = PBXGroup;
			children = (
				20C155C023D4485E00E719EC /* AppDelegate.swift */,
				20C155C223D4485E00E719EC /* SceneDelegate.swift */,
				20C155C423D4485E00E719EC /* ViewController.swift */,
				20C155C623D4485F00E719EC /* Main.storyboard */,
				20C155C923D4486100E719EC /* Assets.xcassets */,
				20C155CB23D4486100E719EC /* LaunchScreen.storyboard */,
				20C155CE23D4486100E719EC /* Info.plist */,
			);
			path = RiviBlogs;
			sourceTree = "<group>";
		};
/* End PBXGroup section */

/* Begin PBXNativeTarget section */
		20C155BC23D4485E00E719EC /* RiviBlogs */ = {
			isa = PBXNativeTarget;
			buildConfigurationList = 20C155D123D4486100E719EC /* Build configuration list for PBXNativeTarget "RiviBlogs" */;
			buildPhases = (
				20C155B923D4485E00E719EC /* Sources */,
				20C155BA23D4485E00E719EC /* Frameworks */,
				20C155BB23D4485E00E719EC /* Resources */,
			);
			buildRules = (
			);
			dependencies = (
			);
			name = RiviBlogs;
			productName = RiviBlogs;
			productReference = 20C155BD23D4485E00E719EC /* RiviBlogs.app */;
			productType = "com.apple.product-type.application";
		};
/* End PBXNativeTarget section */

/* Begin PBXProject section */
		20C155B523D4485E00E719EC /* Project object */ = {
			isa = PBXProject;
			attributes = {
				LastSwiftUpdateCheck = 1130;
				LastUpgradeCheck = 1130;
				ORGANIZATIONNAME = "Muthuraj Muthulingam";
				TargetAttributes = {
					20C155BC23D4485E00E719EC = {
						CreatedOnToolsVersion = 11.3;
					};
				};
			};
			buildConfigurationList = 20C155B823D4485E00E719EC /* Build configuration list for PBXProject "RiviBlogs" */;
			compatibilityVersion = "Xcode 9.3";
			developmentRegion = en;
			hasScannedForEncodings = 0;
			knownRegions = (
				en,
				Base,
			);
			mainGroup = 20C155B423D4485E00E719EC;
			productRefGroup = 20C155BE23D4485E00E719EC /* Products */;
			projectDirPath = "";
			projectRoot = "";
			targets = (
				20C155BC23D4485E00E719EC /* RiviBlogs */,
			);
		};
/* End PBXProject section */

/* Begin PBXResourcesBuildPhase section */
		20C155BB23D4485E00E719EC /* Resources */ = {
			isa = PBXResourcesBuildPhase;
			buildActionMask = 2147483647;
			files = (
				20C155CD23D4486100E719EC /* LaunchScreen.storyboard in Resources */,
				20C155CA23D4486100E719EC /* Assets.xcassets in Resources */,
				20C155C823D4485F00E719EC /* Main.storyboard in Resources */,
			);
			runOnlyForDeploymentPostprocessing = 0;
		};
/* End PBXResourcesBuildPhase section */

/* Begin PBXSourcesBuildPhase section */
		20C155B923D4485E00E719EC /* Sources */ = {
			isa = PBXSourcesBuildPhase;
			buildActionMask = 2147483647;
			files = (
				20C155C523D4485E00E719EC /* ViewController.swift in Sources */,
				20C155C123D4485E00E719EC /* AppDelegate.swift in Sources */,
				20C155C323D4485E00E719EC /* SceneDelegate.swift in Sources */,
			);
			runOnlyForDeploymentPostprocessing = 0;
		};
/* End PBXSourcesBuildPhase section */

/* Begin PBXVariantGroup section */
		20C155C623D4485F00E719EC /* Main.storyboard */ = {
			isa = PBXVariantGroup;
			children = (
				20C155C723D4485F00E719EC /* Base */,
			);
			name = Main.storyboard;
			sourceTree = "<group>";
		};
		20C155CB23D4486100E719EC /* LaunchScreen.storyboard */ = {
			isa = PBXVariantGroup;
			children = (
				20C155CC23D4486100E719EC /* Base */,
			);
			name = LaunchScreen.storyboard;
			sourceTree = "<group>";
		};
/* End PBXVariantGroup section */

/* Begin XCBuildConfiguration section */
		20C155CF23D4486100E719EC /* Debug */ = {
			isa = XCBuildConfiguration;
			buildSettings = {
				ALWAYS_SEARCH_USER_PATHS = NO;
				CLANG_ANALYZER_NONNULL = YES;
				CLANG_ANALYZER_NUMBER_OBJECT_CONVERSION = YES_AGGRESSIVE;
				CLANG_CXX_LANGUAGE_STANDARD = "gnu++14";
				CLANG_CXX_LIBRARY = "libc++";
				CLANG_ENABLE_MODULES = YES;
				CLANG_ENABLE_OBJC_ARC = YES;
				CLANG_ENABLE_OBJC_WEAK = YES;
				CLANG_WARN_BLOCK_CAPTURE_AUTORELEASING = YES;
				CLANG_WARN_BOOL_CONVERSION = YES;
				CLANG_WARN_COMMA = YES;
				CLANG_WARN_CONSTANT_CONVERSION = YES;
				CLANG_WARN_DEPRECATED_OBJC_IMPLEMENTATIONS = YES;
				CLANG_WARN_DIRECT_OBJC_ISA_USAGE = YES_ERROR;
				CLANG_WARN_DOCUMENTATION_COMMENTS = YES;
				CLANG_WARN_EMPTY_BODY = YES;
				CLANG_WARN_ENUM_CONVERSION = YES;
				CLANG_WARN_INFINITE_RECURSION = YES;
				CLANG_WARN_INT_CONVERSION = YES;
				CLANG_WARN_NON_LITERAL_NULL_CONVERSION = YES;
				CLANG_WARN_OBJC_IMPLICIT_RETAIN_SELF = YES;
				CLANG_WARN_OBJC_LITERAL_CONVERSION = YES;
				CLANG_WARN_OBJC_ROOT_CLASS = YES_ERROR;
				CLANG_WARN_RANGE_LOOP_ANALYSIS = YES;
				CLANG_WARN_STRICT_PROTOTYPES = YES;
				CLANG_WARN_SUSPICIOUS_MOVE = YES;
				CLANG_WARN_UNGUARDED_AVAILABILITY = YES_AGGRESSIVE;
				CLANG_WARN_UNREACHABLE_CODE = YES;
				CLANG_WARN__DUPLICATE_METHOD_MATCH = YES;
				COPY_PHASE_STRIP = NO;
				DEBUG_INFORMATION_FORMAT = dwarf;
				ENABLE_STRICT_OBJC_MSGSEND = YES;
				ENABLE_TESTABILITY = YES;
				GCC_C_LANGUAGE_STANDARD = gnu11;
				GCC_DYNAMIC_NO_PIC = NO;
				GCC_NO_COMMON_BLOCKS = YES;
				GCC_OPTIMIZATION_LEVEL = 0;
				GCC_PREPROCESSOR_DEFINITIONS = (
					"DEBUG=1",
					"$(inherited)",
				);
				GCC_WARN_64_TO_32_BIT_CONVERSION = YES;
				GCC_WARN_ABOUT_RETURN_TYPE = YES_ERROR;
				GCC_WARN_UNDECLARED_SELECTOR = YES;
				GCC_WARN_UNINITIALIZED_AUTOS = YES_AGGRESSIVE;
				GCC_WARN_UNUSED_FUNCTION = YES;
				GCC_WARN_UNUSED_VARIABLE = YES;
				IPHONEOS_DEPLOYMENT_TARGET = 13.2;
				MTL_ENABLE_DEBUG_INFO = INCLUDE_SOURCE;
				MTL_FAST_MATH = YES;
				ONLY_ACTIVE_ARCH = YES;
				SDKROOT = iphoneos;
				SWIFT_ACTIVE_COMPILATION_CONDITIONS = DEBUG;
				SWIFT_OPTIMIZATION_LEVEL = "-Onone";
			};
			name = Debug;
		};
		20C155D023D4486100E719EC /* Release */ = {
			isa = XCBuildConfiguration;
			buildSettings = {
				ALWAYS_SEARCH_USER_PATHS = NO;
				CLANG_ANALYZER_NONNULL = YES;
				CLANG_ANALYZER_NUMBER_OBJECT_CONVERSION = YES_AGGRESSIVE;
				CLANG_CXX_LANGUAGE_STANDARD = "gnu++14";
				CLANG_CXX_LIBRARY = "libc++";
				CLANG_ENABLE_MODULES = YES;
				CLANG_ENABLE_OBJC_ARC = YES;
				CLANG_ENABLE_OBJC_WEAK = YES;
				CLANG_WARN_BLOCK_CAPTURE_AUTORELEASING = YES;
				CLANG_WARN_BOOL_CONVERSION = YES;
				CLANG_WARN_COMMA = YES;
				CLANG_WARN_CONSTANT_CONVERSION = YES;
				CLANG_WARN_DEPRECATED_OBJC_IMPLEMENTATIONS = YES;
				CLANG_WARN_DIRECT_OBJC_ISA_USAGE = YES_ERROR;
				CLANG_WARN_DOCUMENTATION_COMMENTS = YES;
				CLANG_WARN_EMPTY_BODY = YES;
				CLANG_WARN_ENUM_CONVERSION = YES;
				CLANG_WARN_INFINITE_RECURSION = YES;
				CLANG_WARN_INT_CONVERSION = YES;
				CLANG_WARN_NON_LITERAL_NULL_CONVERSION = YES;
				CLANG_WARN_OBJC_IMPLICIT_RETAIN_SELF = YES;
				CLANG_WARN_OBJC_LITERAL_CONVERSION = YES;
				CLANG_WARN_OBJC_ROOT_CLASS = YES_ERROR;
				CLANG_WARN_RANGE_LOOP_ANALYSIS = YES;
				CLANG_WARN_STRICT_PROTOTYPES = YES;
				CLANG_WARN_SUSPICIOUS_MOVE = YES;
				CLANG_WARN_UNGUARDED_AVAILABILITY = YES_AGGRESSIVE;
				CLANG_WARN_UNREACHABLE_CODE = YES;
				CLANG_WARN__DUPLICATE_METHOD_MATCH = YES;
				COPY_PHASE_STRIP = NO;
				DEBUG_INFORMATION_FORMAT = "dwarf-with-dsym";
				ENABLE_NS_ASSERTIONS = NO;
				ENABLE_STRICT_OBJC_MSGSEND = YES;
				GCC_C_LANGUAGE_STANDARD = gnu11;
				GCC_NO_COMMON_BLOCKS = YES;
				GCC_WARN_64_TO_32_BIT_CONVERSION = YES;
				GCC_WARN_ABOUT_RETURN_TYPE = YES_ERROR;
				GCC_WARN_UNDECLARED_SELECTOR = YES;
				GCC_WARN_UNINITIALIZED_AUTOS = YES_AGGRESSIVE;
				GCC_WARN_UNUSED_FUNCTION = YES;
				GCC_WARN_UNUSED_VARIABLE = YES;
				IPHONEOS_DEPLOYMENT_TARGET = 13.2;
				MTL_ENABLE_DEBUG_INFO = NO;
				MTL_FAST_MATH = YES;
				SDKROOT = iphoneos;
				SWIFT_COMPILATION_MODE = wholemodule;
				SWIFT_OPTIMIZATION_LEVEL = "-O";
				VALIDATE_PRODUCT = YES;
			};
			name = Release;
		};
		20C155D223D4486100E719EC /* Debug */ = {
			isa = XCBuildConfiguration;
			buildSettings = {
				ASSETCATALOG_COMPILER_APPICON_NAME = AppIcon;
				CODE_SIGN_STYLE = Automatic;
				DEVELOPMENT_TEAM = 4XG4288D97;
				INFOPLIST_FILE = RiviBlogs/Info.plist;
				IPHONEOS_DEPLOYMENT_TARGET = 11.0;
				LD_RUNPATH_SEARCH_PATHS = (
					"$(inherited)",
					"@executable_path/Frameworks",
				);
				PRODUCT_BUNDLE_IDENTIFIER = muthu.RiviBlogs;
				PRODUCT_NAME = "$(TARGET_NAME)";
				SWIFT_VERSION = 5.0;
				TARGETED_DEVICE_FAMILY = "1,2";
			};
			name = Debug;
		};
		20C155D323D4486100E719EC /* Release */ = {
			isa = XCBuildConfiguration;
			buildSettings = {
				ASSETCATALOG_COMPILER_APPICON_NAME = AppIcon;
				CODE_SIGN_STYLE = Automatic;
				DEVELOPMENT_TEAM = 4XG4288D97;
				INFOPLIST_FILE = RiviBlogs/Info.plist;
				IPHONEOS_DEPLOYMENT_TARGET = 11.0;
				LD_RUNPATH_SEARCH_PATHS = (
					"$(inherited)",
					"@executable_path/Frameworks",
				);
				PRODUCT_BUNDLE_IDENTIFIER = muthu.RiviBlogs;
				PRODUCT_NAME = "$(TARGET_NAME)";
				SWIFT_VERSION = 5.0;
				TARGETED_DEVICE_FAMILY = "1,2";
			};
			name = Release;
		};
/* End XCBuildConfiguration section */

/* Begin XCConfigurationList section */
		20C155B823D4485E00E719EC /* Build configuration list for PBXProject "RiviBlogs" */ = {
			isa = XCConfigurationList;
			buildConfigurations = (
				20C155CF23D4486100E719EC /* Debug */,
				20C155D023D4486100E719EC /* Release */,
			);
			defaultConfigurationIsVisible = 0;
			defaultConfigurationName = Release;
		};
		20C155D123D4486100E719EC /* Build configuration list for PBXNativeTarget "RiviBlogs" */ = {
			isa = XCConfigurationList;
			buildConfigurations = (
				20C155D223D4486100E719EC /* Debug */,
				20C155D323D4486100E719EC /* Release */,
			);
			defaultConfigurationIsVisible = 0;
			defaultConfigurationName = Release;
		};
/* End XCConfigurationList section */
	};
	rootObject = 20C155B523D4485E00E719EC /* Project object */;
}
